
Microsoft Visual Studio Solution File, Format Version 12.00
# Visual Studio Version 17
VisualStudioVersion = 17.10.35027.167
MinimumVisualStudioVersion = 10.0.40219.1
Project("{FAE04EC0-301F-11D3-BF4B-00C04F79EFBC}") = "Bloggie.Web", "Bloggie.Web\Bloggie.Web.csproj", "{BF864605-E7CE-4CA1-8CF0-B39031DFED23}"
EndProject
Global
	GlobalSection(SolutionConfigurationPlatforms) = preSolution
		Debug|Any CPU = Debug|Any CPU
		Release|Any CPU = Release|Any CPU
	EndGlobalSection
	GlobalSection(ProjectConfigurationPlatforms) = postSolution
		{BF864605-E7CE-4CA1-8CF0-B39031DFED23}.Debug|Any CPU.ActiveCfg = Debug|Any CPU
		{BF864605-E7CE-4CA1-8CF0-B39031DFED23}.Debug|Any CPU.Build.0 = Debug|Any CPU
		{BF864605-E7CE-4CA1-8CF0-B39031DFED23}.Release|Any CPU.ActiveCfg = Release|Any CPU
		{BF864605-E7CE-4CA1-8CF0-B39031DFED23}.Release|Any CPU.Build.0 = Release|Any CPU
	EndGlobalSection
	GlobalSection(SolutionProperties) = preSolution
		HideSolutionNode = FALSE
	EndGlobalSection
	GlobalSection(ExtensibilityGlobals) = postSolution
		SolutionGuid = {0FBE692C-2590-42F7-89D4-1DE7A6A5B31C}
	EndGlobalSection
EndGlobal
